
Microsoft Visual Studio Solution File, Format Version 12.00
# Visual Studio Version 17
VisualStudioVersion = 17.14.36518.9
MinimumVisualStudioVersion = 10.0.40219.1
Project("{FAE04EC0-301F-11D3-BF4B-00C04F79EFBC}") = "DanfossSPGroup7", "DanfossSPGroup7\DanfossSPGroup7.csproj", "{892FFE4B-D5F3-4B18-954D-603D8F8207A0}"
EndProject
Project("{FAE04EC0-301F-11D3-BF4B-00C04F79EFBC}") = "DanfossSPGroup7.Tests", "DanfossSPGroup7.Tests\DanfossSPGroup7.Tests.csproj", "{DE10EE01-5B8F-461A-B3AB-6DD0986C1535}"
EndProject
Global
	GlobalSection(SolutionConfigurationPlatforms) = preSolution
		Debug|Any CPU = Debug|Any CPU
		Debug|x64 = Debug|x64
		Debug|x86 = Debug|x86
		Release|Any CPU = Release|Any CPU
		Release|x64 = Release|x64
		Release|x86 = Release|x86
	EndGlobalSection
	GlobalSection(ProjectConfigurationPlatforms) = postSolution
		{892FFE4B-D5F3-4B18-954D-603D8F8207A0}.Debug|Any CPU.ActiveCfg = Debug|Any CPU
		{892FFE4B-D5F3-4B18-954D-603D8F8207A0}.Debug|Any CPU.Build.0 = Debug|Any CPU
		{892FFE4B-D5F3-4B18-954D-603D8F8207A0}.Debug|x64.ActiveCfg = Debug|Any CPU
		{892FFE4B-D5F3-4B18-954D-603D8F8207A0}.Debug|x64.Build.0 = Debug|Any CPU
		{892FFE4B-D5F3-4B18-954D-603D8F8207A0}.Debug|x86.ActiveCfg = Debug|Any CPU
		{892FFE4B-D5F3-4B18-954D-603D8F8207A0}.Debug|x86.Build.0 = Debug|Any CPU
		{892FFE4B-D5F3-4B18-954D-603D8F8207A0}.Release|Any CPU.ActiveCfg = Release|Any CPU
		{892FFE4B-D5F3-4B18-954D-603D8F8207A0}.Release|Any CPU.Build.0 = Release|Any CPU
		{892FFE4B-D5F3-4B18-954D-603D8F8207A0}.Release|x64.ActiveCfg = Release|Any CPU
		{892FFE4B-D5F3-4B18-954D-603D8F8207A0}.Release|x64.Build.0 = Release|Any CPU
		{892FFE4B-D5F3-4B18-954D-603D8F8207A0}.Release|x86.ActiveCfg = Release|Any CPU
		{892FFE4B-D5F3-4B18-954D-603D8F8207A0}.Release|x86.Build.0 = Release|Any CPU
		{DE10EE01-5B8F-461A-B3AB-6DD0986C1535}.Debug|Any CPU.ActiveCfg = Debug|Any CPU
		{DE10EE01-5B8F-461A-B3AB-6DD0986C1535}.Debug|Any CPU.Build.0 = Debug|Any CPU
		{DE10EE01-5B8F-461A-B3AB-6DD0986C1535}.Debug|x64.ActiveCfg = Debug|Any CPU
		{DE10EE01-5B8F-461A-B3AB-6DD0986C1535}.Debug|x64.Build.0 = Debug|Any CPU
		{DE10EE01-5B8F-461A-B3AB-6DD0986C1535}.Debug|x86.ActiveCfg = Debug|Any CPU
		{DE10EE01-5B8F-461A-B3AB-6DD0986C1535}.Debug|x86.Build.0 = Debug|Any CPU
		{DE10EE01-5B8F-461A-B3AB-6DD0986C1535}.Release|Any CPU.ActiveCfg = Release|Any CPU
		{DE10EE01-5B8F-461A-B3AB-6DD0986C1535}.Release|Any CPU.Build.0 = Release|Any CPU
		{DE10EE01-5B8F-461A-B3AB-6DD0986C1535}.Release|x64.ActiveCfg = Release|Any CPU
		{DE10EE01-5B8F-461A-B3AB-6DD0986C1535}.Release|x64.Build.0 = Release|Any CPU
		{DE10EE01-5B8F-461A-B3AB-6DD0986C1535}.Release|x86.ActiveCfg = Release|Any CPU
		{DE10EE01-5B8F-461A-B3AB-6DD0986C1535}.Release|x86.Build.0 = Release|Any CPU
	EndGlobalSection
	GlobalSection(SolutionProperties) = preSolution
		HideSolutionNode = FALSE
	EndGlobalSection
	GlobalSection(ExtensibilityGlobals) = postSolution
		SolutionGuid = {B4589C8D-76F8-44D3-9C5B-A79EA84E2C81}
	EndGlobalSection
EndGlobal
